// !$*UTF8*$!
{
	archiveVersion = 1;
	classes = {
	};
	objectVersion = 50;
	objects = {

/* Begin PBXBuildFile section */
		F2E3A2C32FDC17FD00258398 /* AppDelegate.swift in Sources */ = {isa = PBXBuildFile; fileRef = F2E3A2C22FDC17FD00258398 /* AppDelegate.swift */; };
		F2E3A2C52FDC17FD00258398 /* SceneDelegate.swift in Sources */ = {isa = PBXBuildFile; fileRef = F2E3A2C42FDC17FD00258398 /* SceneDelegate.swift */; };
		F2E3A2C72FDC17FD00258398 /* MainViewController.swift in Sources */ = {isa = PBXBuildFile; fileRef = F2E3A2C62FDC17FD00258398 /* MainViewController.swift */; };
		F2E3A2CA2FDC17FD00258398 /* Main.storyboard in Resources */ = {isa = PBXBuildFile; fileRef = F2E3A2C82FDC17FD00258398 /* Main.storyboard */; };
		F2E3A2CC2FDC180000258398 /* Assets.xcassets in Resources */ = {isa = PBXBuildFile; fileRef = F2E3A2CB2FDC180000258398 /* Assets.xcassets */; };
		F2E3A2CF2FDC180000258398 /* LaunchScreen.storyboard in Resources */ = {isa = PBXBuildFile; fileRef = F2E3A2CD2FDC180000258398 /* LaunchScreen.storyboard */; };
		F2E3A2D72FDC221200258398 /* CalendarViewController.swift in Sources */ = {isa = PBXBuildFile; fileRef = F2E3A2D62FDC221200258398 /* CalendarViewController.swift */; };
		F2E3A2D92FDC227300258398 /* LogStore.swift in Sources */ = {isa = PBXBuildFile; fileRef = F2E3A2D82FDC227300258398 /* LogStore.swift */; };
/* End PBXBuildFile section */

/* Begin PBXFileReference section */
		F2E3A2BF2FDC17FD00258398 /* LifeLog.app */ = {isa = PBXFileReference; explicitFileType = wrapper.application; includeInIndex = 0; path = LifeLog.app; sourceTree = BUILT_PRODUCTS_DIR; };
		F2E3A2C22FDC17FD00258398 /* AppDelegate.swift */ = {isa = PBXFileReference; lastKnownFileType = sourcecode.swift; path = AppDelegate.swift; sourceTree = "<group>"; };
		F2E3A2C42FDC17FD00258398 /* SceneDelegate.swift */ = {isa = PBXFileReference; lastKnownFileType = sourcecode.swift; path = SceneDelegate.swift; sourceTree = "<group>"; };
		F2E3A2C62FDC17FD00258398 /* MainViewController.swift */ = {isa = PBXFileReference; lastKnownFileType = sourcecode.swift; path = MainViewController.swift; sourceTree = "<group>"; };
		F2E3A2C92FDC17FD00258398 /* Base */ = {isa = PBXFileReference; lastKnownFileType = file.storyboard; name = Base; path = Base.lproj/Main.storyboard; sourceTree = "<group>"; };
		F2E3A2CB2FDC180000258398 /* Assets.xcassets */ = {isa = PBXFileReference; lastKnownFileType = folder.assetcatalog; path = Assets.xcassets; sourceTree = "<group>"; };
		F2E3A2CE2FDC180000258398 /* Base */ = {isa = PBXFileReference; lastKnownFileType = file.storyboard; name = Base; path = Base.lproj/LaunchScreen.storyboard; sourceTree = "<group>"; };
		F2E3A2D02FDC180000258398 /* Info.plist */ = {isa = PBXFileReference; lastKnownFileType = text.plist.xml; path = Info.plist; sourceTree = "<group>"; };
		F2E3A2D62FDC221200258398 /* CalendarViewController.swift */ = {isa = PBXFileReference; lastKnownFileType = sourcecode.swift; path = CalendarViewController.swift; sourceTree = "<group>"; };
		F2E3A2D82FDC227300258398 /* LogStore.swift */ = {isa = PBXFileReference; lastKnownFileType = sourcecode.swift; path = LogStore.swift; sourceTree = "<group>"; };
/* End PBXFileReference section */

/* Begin PBXFrameworksBuildPhase section */
		F2E3A2BC2FDC17FD00258398 /* Frameworks */ = {
			isa = PBXFrameworksBuildPhase;
			buildActionMask = 2147483647;
			files = (
			);
			runOnlyForDeploymentPostprocessing = 0;
		};
/* End PBXFrameworksBuildPhase section */

/* Begin PBXGroup section */
		F2E3A2B62FDC17FD00258398 = {
			isa = PBXGroup;
			children = (
				F2E3A2C12FDC17FD00258398 /* LifeLog */,
				F2E3A2C02FDC17FD00258398 /* Products */,
			);
			sourceTree = "<group>";
		};
		F2E3A2C02FDC17FD00258398 /* Products */ = {
			isa = PBXGroup;
			children = (
				F2E3A2BF2FDC17FD00258398 /* LifeLog.app */,
			);
			name = Products;
			sourceTree = "<group>";
		};
		F2E3A2C12FDC17FD00258398 /* LifeLog */ = {
			isa = PBXGroup;
			children = (
				F2E3A2C22FDC17FD00258398 /* AppDelegate.swift */,
				F2E3A2C42FDC17FD00258398 /* SceneDelegate.swift */,
				F2E3A2C62FDC17FD00258398 /* MainViewController.swift */,
				F2E3A2C82FDC17FD00258398 /* Main.storyboard */,
				F2E3A2CB2FDC180000258398 /* Assets.xcassets */,
				F2E3A2CD2FDC180000258398 /* LaunchScreen.storyboard */,
				F2E3A2D02FDC180000258398 /* Info.plist */,
				F2E3A2D62FDC221200258398 /* CalendarViewController.swift */,
				F2E3A2D82FDC227300258398 /* LogStore.swift */,
			);
			path = LifeLog;
			sourceTree = "<group>";
		};
/* End PBXGroup section */

/* Begin PBXNativeTarget section */
		F2E3A2BE2FDC17FD00258398 /* LifeLog */ = {
			isa = PBXNativeTarget;
			buildConfigurationList = F2E3A2D32FDC180000258398 /* Build configuration list for PBXNativeTarget "LifeLog" */;
			buildPhases = (
				F2E3A2BB2FDC17FD00258398 /* Sources */,
				F2E3A2BC2FDC17FD00258398 /* Frameworks */,
				F2E3A2BD2FDC17FD00258398 /* Resources */,
			);
			buildRules = (
			);
			dependencies = (
			);
			name = LifeLog;
			productName = LifeLog;
			productReference = F2E3A2BF2FDC17FD00258398 /* LifeLog.app */;
			productType = "com.apple.product-type.application";
		};
/* End PBXNativeTarget section */

/* Begin PBXProject section */
		F2E3A2B72FDC17FD00258398 /* Project object */ = {
			isa = PBXProject;
			attributes = {
				LastSwiftUpdateCheck = 1250;
				LastUpgradeCheck = 1250;
				TargetAttributes = {
					F2E3A2BE2FDC17FD00258398 = {
						CreatedOnToolsVersion = 12.5;
					};
				};
			};
			buildConfigurationList = F2E3A2BA2FDC17FD00258398 /* Build configuration list for PBXProject "LifeLog" */;
			compatibilityVersion = "Xcode 9.3";
			developmentRegion = en;
			hasScannedForEncodings = 0;
			knownRegions = (
				en,
				Base,
			);
			mainGroup = F2E3A2B62FDC17FD00258398;
			productRefGroup = F2E3A2C02FDC17FD00258398 /* Products */;
			projectDirPath = "";
			projectRoot = "";
			targets = (
				F2E3A2BE2FDC17FD00258398 /* LifeLog */,
			);
		};
/* End PBXProject section */

/* Begin PBXResourcesBuildPhase section */
		F2E3A2BD2FDC17FD00258398 /* Resources */ = {
			isa = PBXResourcesBuildPhase;
			buildActionMask = 2147483647;
			files = (
				F2E3A2CF2FDC180000258398 /* LaunchScreen.storyboard in Resources */,
				F2E3A2CC2FDC180000258398 /* Assets.xcassets in Resources */,
				F2E3A2CA2FDC17FD00258398 /* Main.storyboard in Resources */,
			);
			runOnlyForDeploymentPostprocessing = 0;
		};
/* End PBXResourcesBuildPhase section */

/* Begin PBXSourcesBuildPhase section */
		F2E3A2BB2FDC17FD00258398 /* Sources */ = {
			isa = PBXSourcesBuildPhase;
			buildActionMask = 2147483647;
			files = (
				F2E3A2D72FDC221200258398 /* CalendarViewController.swift in Sources */,
				F2E3A2C72FDC17FD00258398 /* MainViewController.swift in Sources */,
				F2E3A2C32FDC17FD00258398 /* AppDelegate.swift in Sources */,
				F2E3A2C52FDC17FD00258398 /* SceneDelegate.swift in Sources */,
				F2E3A2D92FDC227300258398 /* LogStore.swift in Sources */,
			);
			runOnlyForDeploymentPostprocessing = 0;
		};
/* End PBXSourcesBuildPhase section */

/* Begin PBXVariantGroup section */
		F2E3A2C82FDC17FD00258398 /* Main.storyboard */ = {
			isa = PBXVariantGroup;
			children = (
				F2E3A2C92FDC17FD00258398 /* Base */,
			);
			name = Main.storyboard;
			sourceTree = "<group>";
		};
		F2E3A2CD2FDC180000258398 /* LaunchScreen.storyboard */ = {
			isa = PBXVariantGroup;
			children = (
				F2E3A2CE2FDC180000258398 /* Base */,
			);
			name = LaunchScreen.storyboard;
			sourceTree = "<group>";
		};
/* End PBXVariantGroup section */

/* Begin XCBuildConfiguration section */
		F2E3A2D12FDC180000258398 /* Debug */ = {
			isa = XCBuildConfiguration;
			buildSettings = {
				ALWAYS_SEARCH_USER_PATHS = NO;
				CLANG_ANALYZER_NONNULL = YES;
				CLANG_ANALYZER_NUMBER_OBJECT_CONVERSION = YES_AGGRESSIVE;
				CLANG_CXX_LANGUAGE_STANDARD = "gnu++14";
				CLANG_CXX_LIBRARY = "libc++";
				CLANG_ENABLE_MODULES = YES;
				CLANG_ENABLE_OBJC_ARC = YES;
				CLANG_ENABLE_OBJC_WEAK = YES;
				CLANG_WARN_BLOCK_CAPTURE_AUTORELEASING = YES;
				CLANG_WARN_BOOL_CONVERSION = YES;
				CLANG_WARN_COMMA = YES;
				CLANG_WARN_CONSTANT_CONVERSION = YES;
				CLANG_WARN_DEPRECATED_OBJC_IMPLEMENTATIONS = YES;
				CLANG_WARN_DIRECT_OBJC_ISA_USAGE = YES_ERROR;
				CLANG_WARN_DOCUMENTATION_COMMENTS = YES;
				CLANG_WARN_EMPTY_BODY = YES;
				CLANG_WARN_ENUM_CONVERSION = YES;
				CLANG_WARN_INFINITE_RECURSION = YES;
				CLANG_WARN_INT_CONVERSION = YES;
				CLANG_WARN_NON_LITERAL_NULL_CONVERSION = YES;
				CLANG_WARN_OBJC_IMPLICIT_RETAIN_SELF = YES;
				CLANG_WARN_OBJC_LITERAL_CONVERSION = YES;
				CLANG_WARN_OBJC_ROOT_CLASS = YES_ERROR;
				CLANG_WARN_QUOTED_INCLUDE_IN_FRAMEWORK_HEADER = YES;
				CLANG_WARN_RANGE_LOOP_ANALYSIS = YES;
				CLANG_WARN_STRICT_PROTOTYPES = YES;
				CLANG_WARN_SUSPICIOUS_MOVE = YES;
				CLANG_WARN_UNGUARDED_AVAILABILITY = YES_AGGRESSIVE;
				CLANG_WARN_UNREACHABLE_CODE = YES;
				CLANG_WARN__DUPLICATE_METHOD_MATCH = YES;
				COPY_PHASE_STRIP = NO;
				DEBUG_INFORMATION_FORMAT = dwarf;
				ENABLE_STRICT_OBJC_MSGSEND = YES;
				ENABLE_TESTABILITY = YES;
				GCC_C_LANGUAGE_STANDARD = gnu11;
				GCC_DYNAMIC_NO_PIC = NO;
				GCC_NO_COMMON_BLOCKS = YES;
				GCC_OPTIMIZATION_LEVEL = 0;
				GCC_PREPROCESSOR_DEFINITIONS = (
					"DEBUG=1",
					"$(inherited)",
				);
				GCC_WARN_64_TO_32_BIT_CONVERSION = YES;
				GCC_WARN_ABOUT_RETURN_TYPE = YES_ERROR;
				GCC_WARN_UNDECLARED_SELECTOR = YES;
				GCC_WARN_UNINITIALIZED_AUTOS = YES_AGGRESSIVE;
				GCC_WARN_UNUSED_FUNCTION = YES;
				GCC_WARN_UNUSED_VARIABLE = YES;
				IPHONEOS_DEPLOYMENT_TARGET = 14.5;
				MTL_ENABLE_DEBUG_INFO = INCLUDE_SOURCE;
				MTL_FAST_MATH = YES;
				ONLY_ACTIVE_ARCH = YES;
				SDKROOT = iphoneos;
				SWIFT_ACTIVE_COMPILATION_CONDITIONS = DEBUG;
				SWIFT_OPTIMIZATION_LEVEL = "-Onone";
			};
			name = Debug;
		};
		F2E3A2D22FDC180000258398 /* Release */ = {
			isa = XCBuildConfiguration;
			buildSettings = {
				ALWAYS_SEARCH_USER_PATHS = NO;
				CLANG_ANALYZER_NONNULL = YES;
				CLANG_ANALYZER_NUMBER_OBJECT_CONVERSION = YES_AGGRESSIVE;
				CLANG_CXX_LANGUAGE_STANDARD = "gnu++14";
				CLANG_CXX_LIBRARY = "libc++";
				CLANG_ENABLE_MODULES = YES;
				CLANG_ENABLE_OBJC_ARC = YES;
				CLANG_ENABLE_OBJC_WEAK = YES;
				CLANG_WARN_BLOCK_CAPTURE_AUTORELEASING = YES;
				CLANG_WARN_BOOL_CONVERSION = YES;
				CLANG_WARN_COMMA = YES;
				CLANG_WARN_CONSTANT_CONVERSION = YES;
				CLANG_WARN_DEPRECATED_OBJC_IMPLEMENTATIONS = YES;
				CLANG_WARN_DIRECT_OBJC_ISA_USAGE = YES_ERROR;
				CLANG_WARN_DOCUMENTATION_COMMENTS = YES;
				CLANG_WARN_EMPTY_BODY = YES;
				CLANG_WARN_ENUM_CONVERSION = YES;
				CLANG_WARN_INFINITE_RECURSION = YES;
				CLANG_WARN_INT_CONVERSION = YES;
				CLANG_WARN_NON_LITERAL_NULL_CONVERSION = YES;
				CLANG_WARN_OBJC_IMPLICIT_RETAIN_SELF = YES;
				CLANG_WARN_OBJC_LITERAL_CONVERSION = YES;
				CLANG_WARN_OBJC_ROOT_CLASS = YES_ERROR;
				CLANG_WARN_QUOTED_INCLUDE_IN_FRAMEWORK_HEADER = YES;
				CLANG_WARN_RANGE_LOOP_ANALYSIS = YES;
				CLANG_WARN_STRICT_PROTOTYPES = YES;
				CLANG_WARN_SUSPICIOUS_MOVE = YES;
				CLANG_WARN_UNGUARDED_AVAILABILITY = YES_AGGRESSIVE;
				CLANG_WARN_UNREACHABLE_CODE = YES;
				CLANG_WARN__DUPLICATE_METHOD_MATCH = YES;
				COPY_PHASE_STRIP = NO;
				DEBUG_INFORMATION_FORMAT = "dwarf-with-dsym";
				ENABLE_NS_ASSERTIONS = NO;
				ENABLE_STRICT_OBJC_MSGSEND = YES;
				GCC_C_LANGUAGE_STANDARD = gnu11;
				GCC_NO_COMMON_BLOCKS = YES;
				GCC_WARN_64_TO_32_BIT_CONVERSION = YES;
				GCC_WARN_ABOUT_RETURN_TYPE = YES_ERROR;
				GCC_WARN_UNDECLARED_SELECTOR = YES;
				GCC_WARN_UNINITIALIZED_AUTOS = YES_AGGRESSIVE;
				GCC_WARN_UNUSED_FUNCTION = YES;
				GCC_WARN_UNUSED_VARIABLE = YES;
				IPHONEOS_DEPLOYMENT_TARGET = 14.5;
				MTL_ENABLE_DEBUG_INFO = NO;
				MTL_FAST_MATH = YES;
				SDKROOT = iphoneos;
				SWIFT_COMPILATION_MODE = wholemodule;
				SWIFT_OPTIMIZATION_LEVEL = "-O";
				VALIDATE_PRODUCT = YES;
			};
			name = Release;
		};
		F2E3A2D42FDC180000258398 /* Debug */ = {
			isa = XCBuildConfiguration;
			buildSettings = {
				ASSETCATALOG_COMPILER_APPICON_NAME = AppIcon;
				ASSETCATALOG_COMPILER_GLOBAL_ACCENT_COLOR_NAME = AccentColor;
				CODE_SIGN_STYLE = Automatic;
				INFOPLIST_FILE = LifeLog/Info.plist;
				LD_RUNPATH_SEARCH_PATHS = (
					"$(inherited)",
					"@executable_path/Frameworks",
				);
				PRODUCT_BUNDLE_IDENTIFIER = "-612.LifeLog";
				PRODUCT_NAME = "$(TARGET_NAME)";
				SWIFT_VERSION = 5.0;
				TARGETED_DEVICE_FAMILY = "1,2";
			};
			name = Debug;
		};
		F2E3A2D52FDC180000258398 /* Release */ = {
			isa = XCBuildConfiguration;
			buildSettings = {
				ASSETCATALOG_COMPILER_APPICON_NAME = AppIcon;
				ASSETCATALOG_COMPILER_GLOBAL_ACCENT_COLOR_NAME = AccentColor;
				CODE_SIGN_STYLE = Automatic;
				INFOPLIST_FILE = LifeLog/Info.plist;
				LD_RUNPATH_SEARCH_PATHS = (
					"$(inherited)",
					"@executable_path/Frameworks",
				);
				PRODUCT_BUNDLE_IDENTIFIER = "-612.LifeLog";
				PRODUCT_NAME = "$(TARGET_NAME)";
				SWIFT_VERSION = 5.0;
				TARGETED_DEVICE_FAMILY = "1,2";
			};
			name = Release;
		};
/* End XCBuildConfiguration section */

/* Begin XCConfigurationList section */
		F2E3A2BA2FDC17FD00258398 /* Build configuration list for PBXProject "LifeLog" */ = {
			isa = XCConfigurationList;
			buildConfigurations = (
				F2E3A2D12FDC180000258398 /* Debug */,
				F2E3A2D22FDC180000258398 /* Release */,
			);
			defaultConfigurationIsVisible = 0;
			defaultConfigurationName = Release;
		};
		F2E3A2D32FDC180000258398 /* Build configuration list for PBXNativeTarget "LifeLog" */ = {
			isa = XCConfigurationList;
			buildConfigurations = (
				F2E3A2D42FDC180000258398 /* Debug */,
				F2E3A2D52FDC180000258398 /* Release */,
			);
			defaultConfigurationIsVisible = 0;
			defaultConfigurationName = Release;
		};
/* End XCConfigurationList section */
	};
	rootObject = F2E3A2B72FDC17FD00258398 /* Project object */;
}
